
Microsoft Visual Studio Solution File, Format Version 12.00
# Visual Studio Version 17
VisualStudioVersion = 17.6.33815.320
MinimumVisualStudioVersion = 10.0.40219.1
Project("{FAE04EC0-301F-11D3-BF4B-00C04F79EFBC}") = "BEPortal", "BEPortal.csproj", "{51377575-3C05-4E91-A7CF-EBA1E6E9B941}"
EndProject
Global
	GlobalSection(SolutionConfigurationPlatforms) = preSolution
		Debug|Any CPU = Debug|Any CPU
		Release|Any CPU = Release|Any CPU
	EndGlobalSection
	GlobalSection(ProjectConfigurationPlatforms) = postSolution
		{51377575-3C05-4E91-A7CF-EBA1E6E9B941}.Debug|Any CPU.ActiveCfg = Debug|Any CPU
		{51377575-3C05-4E91-A7CF-EBA1E6E9B941}.Debug|Any CPU.Build.0 = Debug|Any CPU
		{51377575-3C05-4E91-A7CF-EBA1E6E9B941}.Release|Any CPU.ActiveCfg = Release|Any CPU
		{51377575-3C05-4E91-A7CF-EBA1E6E9B941}.Release|Any CPU.Build.0 = Release|Any CPU
	EndGlobalSection
	GlobalSection(SolutionProperties) = preSolution
		HideSolutionNode = FALSE
	EndGlobalSection
	GlobalSection(ExtensibilityGlobals) = postSolution
		SolutionGuid = {D3971D48-9346-4BE9-95D5-BFA2BB91CB2A}
	EndGlobalSection
EndGlobal
